// !$*UTF8*$!
{
	archiveVersion = 1;
	classes = {
	};
	objectVersion = 56;
	objects = {

/* Begin PBXBuildFile section */
		9307DA552AB8DB9F009525A5 /* OuinetExampleApp.swift in Sources */ = {isa = PBXBuildFile; fileRef = 9307DA542AB8DB9F009525A5 /* OuinetExampleApp.swift */; };
		9307DA572AB8DB9F009525A5 /* ContentView.swift in Sources */ = {isa = PBXBuildFile; fileRef = 9307DA562AB8DB9F009525A5 /* ContentView.swift */; };
		9307DA592AB8DBA0009525A5 /* Assets.xcassets in Resources */ = {isa = PBXBuildFile; fileRef = 9307DA582AB8DBA0009525A5 /* Assets.xcassets */; };
		9307DA5C2AB8DBA0009525A5 /* Preview Assets.xcassets in Resources */ = {isa = PBXBuildFile; fileRef = 9307DA5B2AB8DBA0009525A5 /* Preview Assets.xcassets */; };
		938C603B2AB8E2EB004FE3D5 /* Ouinet in Resources */ = {isa = PBXBuildFile; fileRef = 938C60392AB8E2EB004FE3D5 /* Ouinet */; };
		938C603D2AB8E33B004FE3D5 /* cacert.pem in Resources */ = {isa = PBXBuildFile; fileRef = 938C603C2AB8E33B004FE3D5 /* cacert.pem */; };
		938C60432AB8E565004FE3D5 /* Localizable.strings in Resources */ = {isa = PBXBuildFile; fileRef = 938C60422AB8E565004FE3D5 /* Localizable.strings */; };
		9391B37B2AD878CD0066476E /* ouinet-ios.framework in Frameworks */ = {isa = PBXBuildFile; fileRef = 9391B37A2AD878CD0066476E /* ouinet-ios.framework */; };
		9391B37C2AD878CD0066476E /* ouinet-ios.framework in Embed Frameworks */ = {isa = PBXBuildFile; fileRef = 9391B37A2AD878CD0066476E /* ouinet-ios.framework */; settings = {ATTRIBUTES = (CodeSignOnCopy, RemoveHeadersOnCopy, ); }; };
		9391B37E2AD99CC80066476E /* WebKitView.swift in Sources */ = {isa = PBXBuildFile; fileRef = 9391B37D2AD99CC80066476E /* WebKitView.swift */; };
		9391B3802AD99EC80066476E /* OuinetStatusStore.swift in Sources */ = {isa = PBXBuildFile; fileRef = 9391B37F2AD99EC80066476E /* OuinetStatusStore.swift */; };
		9391B3822AD99EE40066476E /* OuinetStatus.swift in Sources */ = {isa = PBXBuildFile; fileRef = 9391B3812AD99EE40066476E /* OuinetStatus.swift */; };
		93A89CCC2AD5E09100C60C80 /* WebKitViewModel.swift in Sources */ = {isa = PBXBuildFile; fileRef = 93A89CCB2AD5E09100C60C80 /* WebKitViewModel.swift */; };
		93A89CCE2AD5E11200C60C80 /* TlsOptions.swift in Sources */ = {isa = PBXBuildFile; fileRef = 93A89CCD2AD5E11200C60C80 /* TlsOptions.swift */; };
		93A89CD02AD5E7F400C60C80 /* UrlSessionModel.swift in Sources */ = {isa = PBXBuildFile; fileRef = 93A89CCF2AD5E7F400C60C80 /* UrlSessionModel.swift */; };
		93D787602AD71D6100140C30 /* WebKitViewController.swift in Sources */ = {isa = PBXBuildFile; fileRef = 93D7875F2AD71D6100140C30 /* WebKitViewController.swift */; };
		93D787642AD7220700140C30 /* WebKitUIView.swift in Sources */ = {isa = PBXBuildFile; fileRef = 93D787632AD7220700140C30 /* WebKitUIView.swift */; };
		93D787662AD728C200140C30 /* UrlSessionUIVIew.swift in Sources */ = {isa = PBXBuildFile; fileRef = 93D787652AD728C200140C30 /* UrlSessionUIVIew.swift */; };
		93D787682AD730DC00140C30 /* UrlSessionDelegate.swift in Sources */ = {isa = PBXBuildFile; fileRef = 93D787672AD730DC00140C30 /* UrlSessionDelegate.swift */; };
/* End PBXBuildFile section */

/* Begin PBXCopyFilesBuildPhase section */
		938C60412AB8E34B004FE3D5 /* Embed Frameworks */ = {
			isa = PBXCopyFilesBuildPhase;
			buildActionMask = 2147483647;
			dstPath = "";
			dstSubfolderSpec = 10;
			files = (
				9391B37C2AD878CD0066476E /* ouinet-ios.framework in Embed Frameworks */,
			);
			name = "Embed Frameworks";
			runOnlyForDeploymentPostprocessing = 0;
		};
/* End PBXCopyFilesBuildPhase section */

/* Begin PBXFileReference section */
		9307DA512AB8DB9F009525A5 /* OuinetExample.app */ = {isa = PBXFileReference; explicitFileType = wrapper.application; includeInIndex = 0; path = OuinetExample.app; sourceTree = BUILT_PRODUCTS_DIR; };
		9307DA542AB8DB9F009525A5 /* OuinetExampleApp.swift */ = {isa = PBXFileReference; lastKnownFileType = sourcecode.swift; path = OuinetExampleApp.swift; sourceTree = "<group>"; };
		9307DA562AB8DB9F009525A5 /* ContentView.swift */ = {isa = PBXFileReference; lastKnownFileType = sourcecode.swift; path = ContentView.swift; sourceTree = "<group>"; };
		9307DA582AB8DBA0009525A5 /* Assets.xcassets */ = {isa = PBXFileReference; lastKnownFileType = folder.assetcatalog; path = Assets.xcassets; sourceTree = "<group>"; };
		9307DA5B2AB8DBA0009525A5 /* Preview Assets.xcassets */ = {isa = PBXFileReference; lastKnownFileType = folder.assetcatalog; path = "Preview Assets.xcassets"; sourceTree = "<group>"; };
		938C60392AB8E2EB004FE3D5 /* Ouinet */ = {isa = PBXFileReference; lastKnownFileType = folder; path = Ouinet; sourceTree = "<group>"; };
		938C603A2AB8E2EB004FE3D5 /* Ouinet-BridgingHeader.h */ = {isa = PBXFileReference; fileEncoding = 4; lastKnownFileType = sourcecode.c.h; path = "Ouinet-BridgingHeader.h"; sourceTree = "<group>"; };
		938C603C2AB8E33B004FE3D5 /* cacert.pem */ = {isa = PBXFileReference; fileEncoding = 4; lastKnownFileType = text; path = cacert.pem; sourceTree = "<group>"; };
		938C60422AB8E565004FE3D5 /* Localizable.strings */ = {isa = PBXFileReference; lastKnownFileType = text.plist.strings; path = Localizable.strings; sourceTree = "<group>"; };
		938C60442AB8F516004FE3D5 /* Info.plist */ = {isa = PBXFileReference; lastKnownFileType = text.plist; path = Info.plist; sourceTree = "<group>"; };
		9391B37A2AD878CD0066476E /* ouinet-ios.framework */ = {isa = PBXFileReference; lastKnownFileType = wrapper.framework; path = "ouinet-ios.framework"; sourceTree = "<group>"; };
		9391B37D2AD99CC80066476E /* WebKitView.swift */ = {isa = PBXFileReference; lastKnownFileType = sourcecode.swift; path = WebKitView.swift; sourceTree = "<group>"; };
		9391B37F2AD99EC80066476E /* OuinetStatusStore.swift */ = {isa = PBXFileReference; lastKnownFileType = sourcecode.swift; path = OuinetStatusStore.swift; sourceTree = "<group>"; };
		9391B3812AD99EE40066476E /* OuinetStatus.swift */ = {isa = PBXFileReference; explicitFileType = sourcecode.swift; path = OuinetStatus.swift; sourceTree = "<group>"; };
		93A89CCB2AD5E09100C60C80 /* WebKitViewModel.swift */ = {isa = PBXFileReference; lastKnownFileType = sourcecode.swift; path = WebKitViewModel.swift; sourceTree = "<group>"; };
		93A89CCD2AD5E11200C60C80 /* TlsOptions.swift */ = {isa = PBXFileReference; lastKnownFileType = sourcecode.swift; path = TlsOptions.swift; sourceTree = "<group>"; };
		93A89CCF2AD5E7F400C60C80 /* UrlSessionModel.swift */ = {isa = PBXFileReference; lastKnownFileType = sourcecode.swift; path = UrlSessionModel.swift; sourceTree = "<group>"; };
		93D7875F2AD71D6100140C30 /* WebKitViewController.swift */ = {isa = PBXFileReference; lastKnownFileType = sourcecode.swift; path = WebKitViewController.swift; sourceTree = "<group>"; };
		93D787632AD7220700140C30 /* WebKitUIView.swift */ = {isa = PBXFileReference; lastKnownFileType = sourcecode.swift; path = WebKitUIView.swift; sourceTree = "<group>"; };
		93D787652AD728C200140C30 /* UrlSessionUIVIew.swift */ = {isa = PBXFileReference; lastKnownFileType = sourcecode.swift; path = UrlSessionUIVIew.swift; sourceTree = "<group>"; };
		93D787672AD730DC00140C30 /* UrlSessionDelegate.swift */ = {isa = PBXFileReference; lastKnownFileType = sourcecode.swift; path = UrlSessionDelegate.swift; sourceTree = "<group>"; };
/* End PBXFileReference section */

/* Begin PBXFrameworksBuildPhase section */
		9307DA4E2AB8DB9F009525A5 /* Frameworks */ = {
			isa = PBXFrameworksBuildPhase;
			buildActionMask = 2147483647;
			files = (
				9391B37B2AD878CD0066476E /* ouinet-ios.framework in Frameworks */,
			);
			runOnlyForDeploymentPostprocessing = 0;
		};
/* End PBXFrameworksBuildPhase section */

/* Begin PBXGroup section */
		82433DA91D5035744C116F08 /* Frameworks */ = {
			isa = PBXGroup;
			children = (
				9391B37A2AD878CD0066476E /* ouinet-ios.framework */,
			);
			name = Frameworks;
			sourceTree = "<group>";
		};
		9307DA482AB8DB9F009525A5 = {
			isa = PBXGroup;
			children = (
				938C603C2AB8E33B004FE3D5 /* cacert.pem */,
				9307DA532AB8DB9F009525A5 /* OuinetExample */,
				9307DA522AB8DB9F009525A5 /* Products */,
				82433DA91D5035744C116F08 /* Frameworks */,
			);
			sourceTree = "<group>";
		};
		9307DA522AB8DB9F009525A5 /* Products */ = {
			isa = PBXGroup;
			children = (
				9307DA512AB8DB9F009525A5 /* OuinetExample.app */,
			);
			name = Products;
			sourceTree = "<group>";
		};
		9307DA532AB8DB9F009525A5 /* OuinetExample */ = {
			isa = PBXGroup;
			children = (
				938C60442AB8F516004FE3D5 /* Info.plist */,
				938C60392AB8E2EB004FE3D5 /* Ouinet */,
				938C603A2AB8E2EB004FE3D5 /* Ouinet-BridgingHeader.h */,
				9307DA542AB8DB9F009525A5 /* OuinetExampleApp.swift */,
				9307DA562AB8DB9F009525A5 /* ContentView.swift */,
				9307DA582AB8DBA0009525A5 /* Assets.xcassets */,
				9307DA5A2AB8DBA0009525A5 /* Preview Content */,
				938C60422AB8E565004FE3D5 /* Localizable.strings */,
				93A89CCD2AD5E11200C60C80 /* TlsOptions.swift */,
				93D787632AD7220700140C30 /* WebKitUIView.swift */,
				93D7875F2AD71D6100140C30 /* WebKitViewController.swift */,
				93A89CCB2AD5E09100C60C80 /* WebKitViewModel.swift */,
				9391B37D2AD99CC80066476E /* WebKitView.swift */,
				93D787672AD730DC00140C30 /* UrlSessionDelegate.swift */,
				93A89CCF2AD5E7F400C60C80 /* UrlSessionModel.swift */,
				93D787652AD728C200140C30 /* UrlSessionUIVIew.swift */,
				9391B37F2AD99EC80066476E /* OuinetStatusStore.swift */,
				9391B3812AD99EE40066476E /* OuinetStatus.swift */,
			);
			path = OuinetExample;
			sourceTree = "<group>";
		};
		9307DA5A2AB8DBA0009525A5 /* Preview Content */ = {
			isa = PBXGroup;
			children = (
				9307DA5B2AB8DBA0009525A5 /* Preview Assets.xcassets */,
			);
			path = "Preview Content";
			sourceTree = "<group>";
		};
/* End PBXGroup section */

/* Begin PBXNativeTarget section */
		9307DA502AB8DB9F009525A5 /* OuinetExample */ = {
			isa = PBXNativeTarget;
			buildConfigurationList = 9307DA5F2AB8DBA0009525A5 /* Build configuration list for PBXNativeTarget "OuinetExample" */;
			buildPhases = (
				9307DA4D2AB8DB9F009525A5 /* Sources */,
				9307DA4E2AB8DB9F009525A5 /* Frameworks */,
				9307DA4F2AB8DB9F009525A5 /* Resources */,
				938C60412AB8E34B004FE3D5 /* Embed Frameworks */,
			);
			buildRules = (
			);
			dependencies = (
			);
			name = OuinetExample;
			productName = OuinetExample;
			productReference = 9307DA512AB8DB9F009525A5 /* OuinetExample.app */;
			productType = "com.apple.product-type.application";
		};
/* End PBXNativeTarget section */

/* Begin PBXProject section */
		9307DA492AB8DB9F009525A5 /* Project object */ = {
			isa = PBXProject;
			attributes = {
				BuildIndependentTargetsInParallel = 1;
				LastSwiftUpdateCheck = 1430;
				LastUpgradeCheck = 1430;
				TargetAttributes = {
					9307DA502AB8DB9F009525A5 = {
						CreatedOnToolsVersion = 14.3.1;
					};
				};
			};
			buildConfigurationList = 9307DA4C2AB8DB9F009525A5 /* Build configuration list for PBXProject "OuinetExample" */;
			compatibilityVersion = "Xcode 14.0";
			developmentRegion = en;
			hasScannedForEncodings = 0;
			knownRegions = (
				en,
				Base,
			);
			mainGroup = 9307DA482AB8DB9F009525A5;
			productRefGroup = 9307DA522AB8DB9F009525A5 /* Products */;
			projectDirPath = "";
			projectRoot = "";
			targets = (
				9307DA502AB8DB9F009525A5 /* OuinetExample */,
			);
		};
/* End PBXProject section */

/* Begin PBXResourcesBuildPhase section */
		9307DA4F2AB8DB9F009525A5 /* Resources */ = {
			isa = PBXResourcesBuildPhase;
			buildActionMask = 2147483647;
			files = (
				938C60432AB8E565004FE3D5 /* Localizable.strings in Resources */,
				938C603D2AB8E33B004FE3D5 /* cacert.pem in Resources */,
				9307DA5C2AB8DBA0009525A5 /* Preview Assets.xcassets in Resources */,
				9307DA592AB8DBA0009525A5 /* Assets.xcassets in Resources */,
				938C603B2AB8E2EB004FE3D5 /* Ouinet in Resources */,
			);
			runOnlyForDeploymentPostprocessing = 0;
		};
/* End PBXResourcesBuildPhase section */

/* Begin PBXSourcesBuildPhase section */
		9307DA4D2AB8DB9F009525A5 /* Sources */ = {
			isa = PBXSourcesBuildPhase;
			buildActionMask = 2147483647;
			files = (
				9307DA572AB8DB9F009525A5 /* ContentView.swift in Sources */,
				9391B3802AD99EC80066476E /* OuinetStatusStore.swift in Sources */,
				93D787662AD728C200140C30 /* UrlSessionUIVIew.swift in Sources */,
				93D787682AD730DC00140C30 /* UrlSessionDelegate.swift in Sources */,
				93D787602AD71D6100140C30 /* WebKitViewController.swift in Sources */,
				93A89CCC2AD5E09100C60C80 /* WebKitViewModel.swift in Sources */,
				93A89CCE2AD5E11200C60C80 /* TlsOptions.swift in Sources */,
				9391B37E2AD99CC80066476E /* WebKitView.swift in Sources */,
				93A89CD02AD5E7F400C60C80 /* UrlSessionModel.swift in Sources */,
				9391B3822AD99EE40066476E /* OuinetStatus.swift in Sources */,
				9307DA552AB8DB9F009525A5 /* OuinetExampleApp.swift in Sources */,
				93D787642AD7220700140C30 /* WebKitUIView.swift in Sources */,
			);
			runOnlyForDeploymentPostprocessing = 0;
		};
/* End PBXSourcesBuildPhase section */

/* Begin XCBuildConfiguration section */
		9307DA5D2AB8DBA0009525A5 /* Debug */ = {
			isa = XCBuildConfiguration;
			buildSettings = {
				ALWAYS_SEARCH_USER_PATHS = NO;
				CLANG_ANALYZER_NONNULL = YES;
				CLANG_ANALYZER_NUMBER_OBJECT_CONVERSION = YES_AGGRESSIVE;
				CLANG_CXX_LANGUAGE_STANDARD = "gnu++20";
				CLANG_ENABLE_MODULES = YES;
				CLANG_ENABLE_OBJC_ARC = YES;
				CLANG_ENABLE_OBJC_WEAK = YES;
				CLANG_WARN_BLOCK_CAPTURE_AUTORELEASING = YES;
				CLANG_WARN_BOOL_CONVERSION = YES;
				CLANG_WARN_COMMA = YES;
				CLANG_WARN_CONSTANT_CONVERSION = YES;
				CLANG_WARN_DEPRECATED_OBJC_IMPLEMENTATIONS = YES;
				CLANG_WARN_DIRECT_OBJC_ISA_USAGE = YES_ERROR;
				CLANG_WARN_DOCUMENTATION_COMMENTS = YES;
				CLANG_WARN_EMPTY_BODY = YES;
				CLANG_WARN_ENUM_CONVERSION = YES;
				CLANG_WARN_INFINITE_RECURSION = YES;
				CLANG_WARN_INT_CONVERSION = YES;
				CLANG_WARN_NON_LITERAL_NULL_CONVERSION = YES;
				CLANG_WARN_OBJC_IMPLICIT_RETAIN_SELF = YES;
				CLANG_WARN_OBJC_LITERAL_CONVERSION = YES;
				CLANG_WARN_OBJC_ROOT_CLASS = YES_ERROR;
				CLANG_WARN_QUOTED_INCLUDE_IN_FRAMEWORK_HEADER = YES;
				CLANG_WARN_RANGE_LOOP_ANALYSIS = YES;
				CLANG_WARN_STRICT_PROTOTYPES = YES;
				CLANG_WARN_SUSPICIOUS_MOVE = YES;
				CLANG_WARN_UNGUARDED_AVAILABILITY = YES_AGGRESSIVE;
				CLANG_WARN_UNREACHABLE_CODE = YES;
				CLANG_WARN__DUPLICATE_METHOD_MATCH = YES;
				COPY_PHASE_STRIP = NO;
				DEBUG_INFORMATION_FORMAT = dwarf;
				ENABLE_STRICT_OBJC_MSGSEND = YES;
				ENABLE_TESTABILITY = YES;
				GCC_C_LANGUAGE_STANDARD = gnu11;
				GCC_DYNAMIC_NO_PIC = NO;
				GCC_NO_COMMON_BLOCKS = YES;
				GCC_OPTIMIZATION_LEVEL = 0;
				GCC_PREPROCESSOR_DEFINITIONS = (
					"DEBUG=1",
					"$(inherited)",
				);
				GCC_WARN_64_TO_32_BIT_CONVERSION = YES;
				GCC_WARN_ABOUT_RETURN_TYPE = YES_ERROR;
				GCC_WARN_UNDECLARED_SELECTOR = YES;
				GCC_WARN_UNINITIALIZED_AUTOS = YES_AGGRESSIVE;
				GCC_WARN_UNUSED_FUNCTION = YES;
				GCC_WARN_UNUSED_VARIABLE = YES;
				IPHONEOS_DEPLOYMENT_TARGET = 17.0;
				MTL_ENABLE_DEBUG_INFO = INCLUDE_SOURCE;
				MTL_FAST_MATH = YES;
				ONLY_ACTIVE_ARCH = YES;
				SDKROOT = iphoneos;
				SWIFT_ACTIVE_COMPILATION_CONDITIONS = DEBUG;
				SWIFT_OPTIMIZATION_LEVEL = "-Onone";
			};
			name = Debug;
		};
		9307DA5E2AB8DBA0009525A5 /* Release */ = {
			isa = XCBuildConfiguration;
			buildSettings = {
				ALWAYS_SEARCH_USER_PATHS = NO;
				CLANG_ANALYZER_NONNULL = YES;
				CLANG_ANALYZER_NUMBER_OBJECT_CONVERSION = YES_AGGRESSIVE;
				CLANG_CXX_LANGUAGE_STANDARD = "gnu++20";
				CLANG_ENABLE_MODULES = YES;
				CLANG_ENABLE_OBJC_ARC = YES;
				CLANG_ENABLE_OBJC_WEAK = YES;
				CLANG_WARN_BLOCK_CAPTURE_AUTORELEASING = YES;
				CLANG_WARN_BOOL_CONVERSION = YES;
				CLANG_WARN_COMMA = YES;
				CLANG_WARN_CONSTANT_CONVERSION = YES;
				CLANG_WARN_DEPRECATED_OBJC_IMPLEMENTATIONS = YES;
				CLANG_WARN_DIRECT_OBJC_ISA_USAGE = YES_ERROR;
				CLANG_WARN_DOCUMENTATION_COMMENTS = YES;
				CLANG_WARN_EMPTY_BODY = YES;
				CLANG_WARN_ENUM_CONVERSION = YES;
				CLANG_WARN_INFINITE_RECURSION = YES;
				CLANG_WARN_INT_CONVERSION = YES;
				CLANG_WARN_NON_LITERAL_NULL_CONVERSION = YES;
				CLANG_WARN_OBJC_IMPLICIT_RETAIN_SELF = YES;
				CLANG_WARN_OBJC_LITERAL_CONVERSION = YES;
				CLANG_WARN_OBJC_ROOT_CLASS = YES_ERROR;
				CLANG_WARN_QUOTED_INCLUDE_IN_FRAMEWORK_HEADER = YES;
				CLANG_WARN_RANGE_LOOP_ANALYSIS = YES;
				CLANG_WARN_STRICT_PROTOTYPES = YES;
				CLANG_WARN_SUSPICIOUS_MOVE = YES;
				CLANG_WARN_UNGUARDED_AVAILABILITY = YES_AGGRESSIVE;
				CLANG_WARN_UNREACHABLE_CODE = YES;
				CLANG_WARN__DUPLICATE_METHOD_MATCH = YES;
				COPY_PHASE_STRIP = NO;
				DEBUG_INFORMATION_FORMAT = "dwarf-with-dsym";
				ENABLE_NS_ASSERTIONS = NO;
				ENABLE_STRICT_OBJC_MSGSEND = YES;
				GCC_C_LANGUAGE_STANDARD = gnu11;
				GCC_NO_COMMON_BLOCKS = YES;
				GCC_WARN_64_TO_32_BIT_CONVERSION = YES;
				GCC_WARN_ABOUT_RETURN_TYPE = YES_ERROR;
				GCC_WARN_UNDECLARED_SELECTOR = YES;
				GCC_WARN_UNINITIALIZED_AUTOS = YES_AGGRESSIVE;
				GCC_WARN_UNUSED_FUNCTION = YES;
				GCC_WARN_UNUSED_VARIABLE = YES;
				IPHONEOS_DEPLOYMENT_TARGET = 17.0;
				MTL_ENABLE_DEBUG_INFO = NO;
				MTL_FAST_MATH = YES;
				SDKROOT = iphoneos;
				SWIFT_COMPILATION_MODE = wholemodule;
				SWIFT_OPTIMIZATION_LEVEL = "-O";
				VALIDATE_PRODUCT = YES;
			};
			name = Release;
		};
		9307DA602AB8DBA0009525A5 /* Debug */ = {
			isa = XCBuildConfiguration;
			buildSettings = {
				ASSETCATALOG_COMPILER_APPICON_NAME = AppIcon;
				ASSETCATALOG_COMPILER_GLOBAL_ACCENT_COLOR_NAME = AccentColor;
				CODE_SIGN_STYLE = Automatic;
				CURRENT_PROJECT_VERSION = 1;
				DEVELOPMENT_ASSET_PATHS = "\"OuinetExample/Preview Content\"";
				DEVELOPMENT_TEAM = L62V7CA3HC;
				ENABLE_PREVIEWS = YES;
				FRAMEWORK_SEARCH_PATHS = (
					"$(inherited)",
					"$(PROJECT_DIR)",
				);
				GENERATE_INFOPLIST_FILE = YES;
				INFOPLIST_FILE = OuinetExample/Info.plist;
				INFOPLIST_KEY_UIApplicationSceneManifest_Generation = YES;
				INFOPLIST_KEY_UIApplicationSupportsIndirectInputEvents = YES;
				INFOPLIST_KEY_UILaunchScreen_Generation = YES;
				INFOPLIST_KEY_UISupportedInterfaceOrientations_iPad = "UIInterfaceOrientationPortrait UIInterfaceOrientationPortraitUpsideDown UIInterfaceOrientationLandscapeLeft UIInterfaceOrientationLandscapeRight";
				INFOPLIST_KEY_UISupportedInterfaceOrientations_iPhone = "UIInterfaceOrientationPortrait UIInterfaceOrientationLandscapeLeft UIInterfaceOrientationLandscapeRight";
				INFOPLIST_KEY_UISupportsDocumentBrowser = YES;
				IPHONEOS_DEPLOYMENT_TARGET = 17.0;
				LD_RUNPATH_SEARCH_PATHS = (
					"$(inherited)",
					"@executable_path/Frameworks",
				);
				MARKETING_VERSION = 1.0;
				PRODUCT_BUNDLE_IDENTIFIER = ie.equalit.OuinetExample;
				PRODUCT_NAME = "$(TARGET_NAME)";
				SWIFT_EMIT_LOC_STRINGS = YES;
				SWIFT_OBJC_BRIDGING_HEADER = "${PROJECT_DIR}/OuinetExample/Ouinet-BridgingHeader.h";
				SWIFT_VERSION = 5.0;
				TARGETED_DEVICE_FAMILY = "1,2";
			};
			name = Debug;
		};
		9307DA612AB8DBA0009525A5 /* Release */ = {
			isa = XCBuildConfiguration;
			buildSettings = {
				ASSETCATALOG_COMPILER_APPICON_NAME = AppIcon;
				ASSETCATALOG_COMPILER_GLOBAL_ACCENT_COLOR_NAME = AccentColor;
				CODE_SIGN_STYLE = Automatic;
				CURRENT_PROJECT_VERSION = 1;
				DEVELOPMENT_ASSET_PATHS = "\"OuinetExample/Preview Content\"";
				DEVELOPMENT_TEAM = L62V7CA3HC;
				ENABLE_PREVIEWS = YES;
				FRAMEWORK_SEARCH_PATHS = (
					"$(inherited)",
					"$(PROJECT_DIR)",
				);
				GENERATE_INFOPLIST_FILE = YES;
				INFOPLIST_FILE = OuinetExample/Info.plist;
				INFOPLIST_KEY_UIApplicationSceneManifest_Generation = YES;
				INFOPLIST_KEY_UIApplicationSupportsIndirectInputEvents = YES;
				INFOPLIST_KEY_UILaunchScreen_Generation = YES;
				INFOPLIST_KEY_UISupportedInterfaceOrientations_iPad = "UIInterfaceOrientationPortrait UIInterfaceOrientationPortraitUpsideDown UIInterfaceOrientationLandscapeLeft UIInterfaceOrientationLandscapeRight";
				INFOPLIST_KEY_UISupportedInterfaceOrientations_iPhone = "UIInterfaceOrientationPortrait UIInterfaceOrientationLandscapeLeft UIInterfaceOrientationLandscapeRight";
				INFOPLIST_KEY_UISupportsDocumentBrowser = YES;
				IPHONEOS_DEPLOYMENT_TARGET = 17.0;
				LD_RUNPATH_SEARCH_PATHS = (
					"$(inherited)",
					"@executable_path/Frameworks",
				);
				MARKETING_VERSION = 1.0;
				PRODUCT_BUNDLE_IDENTIFIER = ie.equalit.OuinetExample;
				PRODUCT_NAME = "$(TARGET_NAME)";
				SWIFT_EMIT_LOC_STRINGS = YES;
				SWIFT_OBJC_BRIDGING_HEADER = "${PROJECT_DIR}/OuinetExample/Ouinet-BridgingHeader.h";
				SWIFT_VERSION = 5.0;
				TARGETED_DEVICE_FAMILY = "1,2";
			};
			name = Release;
		};
/* End XCBuildConfiguration section */

/* Begin XCConfigurationList section */
		9307DA4C2AB8DB9F009525A5 /* Build configuration list for PBXProject "OuinetExample" */ = {
			isa = XCConfigurationList;
			buildConfigurations = (
				9307DA5D2AB8DBA0009525A5 /* Debug */,
				9307DA5E2AB8DBA0009525A5 /* Release */,
			);
			defaultConfigurationIsVisible = 0;
			defaultConfigurationName = Release;
		};
		9307DA5F2AB8DBA0009525A5 /* Build configuration list for PBXNativeTarget "OuinetExample" */ = {
			isa = XCConfigurationList;
			buildConfigurations = (
				9307DA602AB8DBA0009525A5 /* Debug */,
				9307DA612AB8DBA0009525A5 /* Release */,
			);
			defaultConfigurationIsVisible = 0;
			defaultConfigurationName = Release;
		};
/* End XCConfigurationList section */
	};
	rootObject = 9307DA492AB8DB9F009525A5 /* Project object */;
}
